// !$*UTF8*$!
{
	archiveVersion = 1;
	classes = {
	};
	objectVersion = 50;
	objects = {

/* Begin PBXBuildFile section */
		47E9039F259A715C00A764A9 /* AppDelegate.m in Sources */ = {isa = PBXBuildFile; fileRef = 47E9039E259A715C00A764A9 /* AppDelegate.m */; };
		47E903A2259A715C00A764A9 /* SceneDelegate.m in Sources */ = {isa = PBXBuildFile; fileRef = 47E903A1259A715C00A764A9 /* SceneDelegate.m */; };
		47E903A5259A715C00A764A9 /* ViewController.m in Sources */ = {isa = PBXBuildFile; fileRef = 47E903A4259A715C00A764A9 /* ViewController.m */; };
		47E903A8259A715C00A764A9 /* Main.storyboard in Resources */ = {isa = PBXBuildFile; fileRef = 47E903A6259A715C00A764A9 /* Main.storyboard */; };
		47E903AA259A715F00A764A9 /* Assets.xcassets in Resources */ = {isa = PBXBuildFile; fileRef = 47E903A9259A715F00A764A9 /* Assets.xcassets */; };
		47E903AD259A715F00A764A9 /* LaunchScreen.storyboard in Resources */ = {isa = PBXBuildFile; fileRef = 47E903AB259A715F00A764A9 /* LaunchScreen.storyboard */; };
		47E903B0259A715F00A764A9 /* main.m in Sources */ = {isa = PBXBuildFile; fileRef = 47E903AF259A715F00A764A9 /* main.m */; };
/* End PBXBuildFile section */

/* Begin PBXFileReference section */
		47E9039A259A715C00A764A9 /* SnapClientIOS.app */ = {isa = PBXFileReference; explicitFileType = wrapper.application; includeInIndex = 0; path = SnapClientIOS.app; sourceTree = BUILT_PRODUCTS_DIR; };
		47E9039D259A715C00A764A9 /* AppDelegate.h */ = {isa = PBXFileReference; lastKnownFileType = sourcecode.c.h; path = AppDelegate.h; sourceTree = "<group>"; };
		47E9039E259A715C00A764A9 /* AppDelegate.m */ = {isa = PBXFileReference; lastKnownFileType = sourcecode.c.objc; path = AppDelegate.m; sourceTree = "<group>"; };
		47E903A0259A715C00A764A9 /* SceneDelegate.h */ = {isa = PBXFileReference; lastKnownFileType = sourcecode.c.h; path = SceneDelegate.h; sourceTree = "<group>"; };
		47E903A1259A715C00A764A9 /* SceneDelegate.m */ = {isa = PBXFileReference; lastKnownFileType = sourcecode.c.objc; path = SceneDelegate.m; sourceTree = "<group>"; };
		47E903A3259A715C00A764A9 /* ViewController.h */ = {isa = PBXFileReference; lastKnownFileType = sourcecode.c.h; path = ViewController.h; sourceTree = "<group>"; };
		47E903A4259A715C00A764A9 /* ViewController.m */ = {isa = PBXFileReference; lastKnownFileType = sourcecode.c.objc; path = ViewController.m; sourceTree = "<group>"; };
		47E903A7259A715C00A764A9 /* Base */ = {isa = PBXFileReference; lastKnownFileType = file.storyboard; name = Base; path = Base.lproj/Main.storyboard; sourceTree = "<group>"; };
		47E903A9259A715F00A764A9 /* Assets.xcassets */ = {isa = PBXFileReference; lastKnownFileType = folder.assetcatalog; path = Assets.xcassets; sourceTree = "<group>"; };
		47E903AC259A715F00A764A9 /* Base */ = {isa = PBXFileReference; lastKnownFileType = file.storyboard; name = Base; path = Base.lproj/LaunchScreen.storyboard; sourceTree = "<group>"; };
		47E903AE259A715F00A764A9 /* Info.plist */ = {isa = PBXFileReference; lastKnownFileType = text.plist.xml; path = Info.plist; sourceTree = "<group>"; };
		47E903AF259A715F00A764A9 /* main.m */ = {isa = PBXFileReference; lastKnownFileType = sourcecode.c.objc; path = main.m; sourceTree = "<group>"; };
/* End PBXFileReference section */

/* Begin PBXFrameworksBuildPhase section */
		47E90397259A715C00A764A9 /* Frameworks */ = {
			isa = PBXFrameworksBuildPhase;
			buildActionMask = 2147483647;
			files = (
			);
			runOnlyForDeploymentPostprocessing = 0;
		};
/* End PBXFrameworksBuildPhase section */

/* Begin PBXGroup section */
		47E90391259A715C00A764A9 = {
			isa = PBXGroup;
			children = (
				47E9039C259A715C00A764A9 /* SnapClientIOS */,
				47E9039B259A715C00A764A9 /* Products */,
			);
			sourceTree = "<group>";
		};
		47E9039B259A715C00A764A9 /* Products */ = {
			isa = PBXGroup;
			children = (
				47E9039A259A715C00A764A9 /* SnapClientIOS.app */,
			);
			name = Products;
			sourceTree = "<group>";
		};
		47E9039C259A715C00A764A9 /* SnapClientIOS */ = {
			isa = PBXGroup;
			children = (
				47E9039D259A715C00A764A9 /* AppDelegate.h */,
				47E9039E259A715C00A764A9 /* AppDelegate.m */,
				47E903A0259A715C00A764A9 /* SceneDelegate.h */,
				47E903A1259A715C00A764A9 /* SceneDelegate.m */,
				47E903A3259A715C00A764A9 /* ViewController.h */,
				47E903A4259A715C00A764A9 /* ViewController.m */,
				47E903A6259A715C00A764A9 /* Main.storyboard */,
				47E903A9259A715F00A764A9 /* Assets.xcassets */,
				47E903AB259A715F00A764A9 /* LaunchScreen.storyboard */,
				47E903AE259A715F00A764A9 /* Info.plist */,
				47E903AF259A715F00A764A9 /* main.m */,
			);
			path = SnapClientIOS;
			sourceTree = "<group>";
		};
/* End PBXGroup section */

/* Begin PBXNativeTarget section */
		47E90399259A715C00A764A9 /* SnapClientIOS */ = {
			isa = PBXNativeTarget;
			buildConfigurationList = 47E903B3259A715F00A764A9 /* Build configuration list for PBXNativeTarget "SnapClientIOS" */;
			buildPhases = (
				47E90396259A715C00A764A9 /* Sources */,
				47E90397259A715C00A764A9 /* Frameworks */,
				47E90398259A715C00A764A9 /* Resources */,
			);
			buildRules = (
			);
			dependencies = (
			);
			name = SnapClientIOS;
			productName = SnapClientIOS;
			productReference = 47E9039A259A715C00A764A9 /* SnapClientIOS.app */;
			productType = "com.apple.product-type.application";
		};
/* End PBXNativeTarget section */

/* Begin PBXProject section */
		47E90392259A715C00A764A9 /* Project object */ = {
			isa = PBXProject;
			attributes = {
				LastUpgradeCheck = 1220;
				TargetAttributes = {
					47E90399259A715C00A764A9 = {
						CreatedOnToolsVersion = 12.2;
					};
				};
			};
			buildConfigurationList = 47E90395259A715C00A764A9 /* Build configuration list for PBXProject "SnapClientIOS" */;
			compatibilityVersion = "Xcode 9.3";
			developmentRegion = en;
			hasScannedForEncodings = 0;
			knownRegions = (
				en,
				Base,
			);
			mainGroup = 47E90391259A715C00A764A9;
			productRefGroup = 47E9039B259A715C00A764A9 /* Products */;
			projectDirPath = "";
			projectRoot = "";
			targets = (
				47E90399259A715C00A764A9 /* SnapClientIOS */,
			);
		};
/* End PBXProject section */

/* Begin PBXResourcesBuildPhase section */
		47E90398259A715C00A764A9 /* Resources */ = {
			isa = PBXResourcesBuildPhase;
			buildActionMask = 2147483647;
			files = (
				47E903AD259A715F00A764A9 /* LaunchScreen.storyboard in Resources */,
				47E903AA259A715F00A764A9 /* Assets.xcassets in Resources */,
				47E903A8259A715C00A764A9 /* Main.storyboard in Resources */,
			);
			runOnlyForDeploymentPostprocessing = 0;
		};
/* End PBXResourcesBuildPhase section */

/* Begin PBXSourcesBuildPhase section */
		47E90396259A715C00A764A9 /* Sources */ = {
			isa = PBXSourcesBuildPhase;
			buildActionMask = 2147483647;
			files = (
				47E903A5259A715C00A764A9 /* ViewController.m in Sources */,
				47E9039F259A715C00A764A9 /* AppDelegate.m in Sources */,
				47E903B0259A715F00A764A9 /* main.m in Sources */,
				47E903A2259A715C00A764A9 /* SceneDelegate.m in Sources */,
			);
			runOnlyForDeploymentPostprocessing = 0;
		};
/* End PBXSourcesBuildPhase section */

/* Begin PBXVariantGroup section */
		47E903A6259A715C00A764A9 /* Main.storyboard */ = {
			isa = PBXVariantGroup;
			children = (
				47E903A7259A715C00A764A9 /* Base */,
			);
			name = Main.storyboard;
			sourceTree = "<group>";
		};
		47E903AB259A715F00A764A9 /* LaunchScreen.storyboard */ = {
			isa = PBXVariantGroup;
			children = (
				47E903AC259A715F00A764A9 /* Base */,
			);
			name = LaunchScreen.storyboard;
			sourceTree = "<group>";
		};
/* End PBXVariantGroup section */

/* Begin XCBuildConfiguration section */
		47E903B1259A715F00A764A9 /* Debug */ = {
			isa = XCBuildConfiguration;
			buildSettings = {
				ALWAYS_SEARCH_USER_PATHS = NO;
				CLANG_ANALYZER_NONNULL = YES;
				CLANG_ANALYZER_NUMBER_OBJECT_CONVERSION = YES_AGGRESSIVE;
				CLANG_CXX_LANGUAGE_STANDARD = "gnu++14";
				CLANG_CXX_LIBRARY = "libc++";
				CLANG_ENABLE_MODULES = YES;
				CLANG_ENABLE_OBJC_ARC = YES;
				CLANG_ENABLE_OBJC_WEAK = YES;
				CLANG_WARN_BLOCK_CAPTURE_AUTORELEASING = YES;
				CLANG_WARN_BOOL_CONVERSION = YES;
				CLANG_WARN_COMMA = YES;
				CLANG_WARN_CONSTANT_CONVERSION = YES;
				CLANG_WARN_DEPRECATED_OBJC_IMPLEMENTATIONS = YES;
				CLANG_WARN_DIRECT_OBJC_ISA_USAGE = YES_ERROR;
				CLANG_WARN_DOCUMENTATION_COMMENTS = YES;
				CLANG_WARN_EMPTY_BODY = YES;
				CLANG_WARN_ENUM_CONVERSION = YES;
				CLANG_WARN_INFINITE_RECURSION = YES;
				CLANG_WARN_INT_CONVERSION = YES;
				CLANG_WARN_NON_LITERAL_NULL_CONVERSION = YES;
				CLANG_WARN_OBJC_IMPLICIT_RETAIN_SELF = YES;
				CLANG_WARN_OBJC_LITERAL_CONVERSION = YES;
				CLANG_WARN_OBJC_ROOT_CLASS = YES_ERROR;
				CLANG_WARN_QUOTED_INCLUDE_IN_FRAMEWORK_HEADER = YES;
				CLANG_WARN_RANGE_LOOP_ANALYSIS = YES;
				CLANG_WARN_STRICT_PROTOTYPES = YES;
				CLANG_WARN_SUSPICIOUS_MOVE = YES;
				CLANG_WARN_UNGUARDED_AVAILABILITY = YES_AGGRESSIVE;
				CLANG_WARN_UNREACHABLE_CODE = YES;
				CLANG_WARN__DUPLICATE_METHOD_MATCH = YES;
				COPY_PHASE_STRIP = NO;
				DEBUG_INFORMATION_FORMAT = dwarf;
				ENABLE_STRICT_OBJC_MSGSEND = YES;
				ENABLE_TESTABILITY = YES;
				GCC_C_LANGUAGE_STANDARD = gnu11;
				GCC_DYNAMIC_NO_PIC = NO;
				GCC_NO_COMMON_BLOCKS = YES;
				GCC_OPTIMIZATION_LEVEL = 0;
				GCC_PREPROCESSOR_DEFINITIONS = (
					"DEBUG=1",
					"$(inherited)",
				);
				GCC_WARN_64_TO_32_BIT_CONVERSION = YES;
				GCC_WARN_ABOUT_RETURN_TYPE = YES_ERROR;
				GCC_WARN_UNDECLARED_SELECTOR = YES;
				GCC_WARN_UNINITIALIZED_AUTOS = YES_AGGRESSIVE;
				GCC_WARN_UNUSED_FUNCTION = YES;
				GCC_WARN_UNUSED_VARIABLE = YES;
				IPHONEOS_DEPLOYMENT_TARGET = 14.2;
				MTL_ENABLE_DEBUG_INFO = INCLUDE_SOURCE;
				MTL_FAST_MATH = YES;
				ONLY_ACTIVE_ARCH = YES;
				SDKROOT = iphoneos;
			};
			name = Debug;
		};
		47E903B2259A715F00A764A9 /* Release */ = {
			isa = XCBuildConfiguration;
			buildSettings = {
				ALWAYS_SEARCH_USER_PATHS = NO;
				CLANG_ANALYZER_NONNULL = YES;
				CLANG_ANALYZER_NUMBER_OBJECT_CONVERSION = YES_AGGRESSIVE;
				CLANG_CXX_LANGUAGE_STANDARD = "gnu++14";
				CLANG_CXX_LIBRARY = "libc++";
				CLANG_ENABLE_MODULES = YES;
				CLANG_ENABLE_OBJC_ARC = YES;
				CLANG_ENABLE_OBJC_WEAK = YES;
				CLANG_WARN_BLOCK_CAPTURE_AUTORELEASING = YES;
				CLANG_WARN_BOOL_CONVERSION = YES;
				CLANG_WARN_COMMA = YES;
				CLANG_WARN_CONSTANT_CONVERSION = YES;
				CLANG_WARN_DEPRECATED_OBJC_IMPLEMENTATIONS = YES;
				CLANG_WARN_DIRECT_OBJC_ISA_USAGE = YES_ERROR;
				CLANG_WARN_DOCUMENTATION_COMMENTS = YES;
				CLANG_WARN_EMPTY_BODY = YES;
				CLANG_WARN_ENUM_CONVERSION = YES;
				CLANG_WARN_INFINITE_RECURSION = YES;
				CLANG_WARN_INT_CONVERSION = YES;
				CLANG_WARN_NON_LITERAL_NULL_CONVERSION = YES;
				CLANG_WARN_OBJC_IMPLICIT_RETAIN_SELF = YES;
				CLANG_WARN_OBJC_LITERAL_CONVERSION = YES;
				CLANG_WARN_OBJC_ROOT_CLASS = YES_ERROR;
				CLANG_WARN_QUOTED_INCLUDE_IN_FRAMEWORK_HEADER = YES;
				CLANG_WARN_RANGE_LOOP_ANALYSIS = YES;
				CLANG_WARN_STRICT_PROTOTYPES = YES;
				CLANG_WARN_SUSPICIOUS_MOVE = YES;
				CLANG_WARN_UNGUARDED_AVAILABILITY = YES_AGGRESSIVE;
				CLANG_WARN_UNREACHABLE_CODE = YES;
				CLANG_WARN__DUPLICATE_METHOD_MATCH = YES;
				COPY_PHASE_STRIP = NO;
				DEBUG_INFORMATION_FORMAT = "dwarf-with-dsym";
				ENABLE_NS_ASSERTIONS = NO;
				ENABLE_STRICT_OBJC_MSGSEND = YES;
				GCC_C_LANGUAGE_STANDARD = gnu11;
				GCC_NO_COMMON_BLOCKS = YES;
				GCC_WARN_64_TO_32_BIT_CONVERSION = YES;
				GCC_WARN_ABOUT_RETURN_TYPE = YES_ERROR;
				GCC_WARN_UNDECLARED_SELECTOR = YES;
				GCC_WARN_UNINITIALIZED_AUTOS = YES_AGGRESSIVE;
				GCC_WARN_UNUSED_FUNCTION = YES;
				GCC_WARN_UNUSED_VARIABLE = YES;
				IPHONEOS_DEPLOYMENT_TARGET = 14.2;
				MTL_ENABLE_DEBUG_INFO = NO;
				MTL_FAST_MATH = YES;
				SDKROOT = iphoneos;
				VALIDATE_PRODUCT = YES;
			};
			name = Release;
		};
		47E903B4259A715F00A764A9 /* Debug */ = {
			isa = XCBuildConfiguration;
			buildSettings = {
				ASSETCATALOG_COMPILER_APPICON_NAME = AppIcon;
				ASSETCATALOG_COMPILER_GLOBAL_ACCENT_COLOR_NAME = AccentColor;
				CODE_SIGN_STYLE = Automatic;
				DEVELOPMENT_TEAM = ARHL3C2496;
				INFOPLIST_FILE = SnapClientIOS/Info.plist;
				LD_RUNPATH_SEARCH_PATHS = (
					"$(inherited)",
					"@executable_path/Frameworks",
				);
				PRODUCT_BUNDLE_IDENTIFIER = ljk.SnapClientIOS;
				PRODUCT_NAME = "$(TARGET_NAME)";
				TARGETED_DEVICE_FAMILY = "1,2";
			};
			name = Debug;
		};
		47E903B5259A715F00A764A9 /* Release */ = {
			isa = XCBuildConfiguration;
			buildSettings = {
				ASSETCATALOG_COMPILER_APPICON_NAME = AppIcon;
				ASSETCATALOG_COMPILER_GLOBAL_ACCENT_COLOR_NAME = AccentColor;
				CODE_SIGN_STYLE = Automatic;
				DEVELOPMENT_TEAM = ARHL3C2496;
				INFOPLIST_FILE = SnapClientIOS/Info.plist;
				LD_RUNPATH_SEARCH_PATHS = (
					"$(inherited)",
					"@executable_path/Frameworks",
				);
				PRODUCT_BUNDLE_IDENTIFIER = ljk.SnapClientIOS;
				PRODUCT_NAME = "$(TARGET_NAME)";
				TARGETED_DEVICE_FAMILY = "1,2";
			};
			name = Release;
		};
/* End XCBuildConfiguration section */

/* Begin XCConfigurationList section */
		47E90395259A715C00A764A9 /* Build configuration list for PBXProject "SnapClientIOS" */ = {
			isa = XCConfigurationList;
			buildConfigurations = (
				47E903B1259A715F00A764A9 /* Debug */,
				47E903B2259A715F00A764A9 /* Release */,
			);
			defaultConfigurationIsVisible = 0;
			defaultConfigurationName = Release;
		};
		47E903B3259A715F00A764A9 /* Build configuration list for PBXNativeTarget "SnapClientIOS" */ = {
			isa = XCConfigurationList;
			buildConfigurations = (
				47E903B4259A715F00A764A9 /* Debug */,
				47E903B5259A715F00A764A9 /* Release */,
			);
			defaultConfigurationIsVisible = 0;
			defaultConfigurationName = Release;
		};
/* End XCConfigurationList section */
	};
	rootObject = 47E90392259A715C00A764A9 /* Project object */;
}
